
Microsoft Visual Studio Solution File, Format Version 12.00
# Visual Studio Version 17
VisualStudioVersion = 17.12.35417.141
MinimumVisualStudioVersion = 10.0.40219.1
Project("{FAE04EC0-301F-11D3-BF4B-00C04F79EFBC}") = "QuartzNetJobMvc", "QuartzNetJobMvc\QuartzNetJobMvc.csproj", "{2BB78CCA-ED13-405B-A4D3-C08D8D134E57}"
EndProject
Project("{FAE04EC0-301F-11D3-BF4B-00C04F79EFBC}") = "QuartzNetJobMvc.Extensions", "QuartzNetJobMvc.Extensions\QuartzNetJobMvc.Extensions.csproj", "{4F72D7D7-0F66-450B-996C-D08E768E89D1}"
EndProject
Project("{2150E333-8FDC-42A3-9474-1A3956D46DE8}") = "Documents", "Documents", "{645B7650-B349-4E1F-A3E9-29BAB525179A}"
	ProjectSection(SolutionItems) = preProject
		README.md = README.md
	EndProjectSection
EndProject
Project("{FAE04EC0-301F-11D3-BF4B-00C04F79EFBC}") = "QuartzNetJobMvc.Databases", "QuartzNetJobMvc.Databases\QuartzNetJobMvc.Databases.csproj", "{641985FB-CE84-444C-BFEA-495897A65C2F}"
EndProject
Global
	GlobalSection(SolutionConfigurationPlatforms) = preSolution
		Debug|Any CPU = Debug|Any CPU
		Release|Any CPU = Release|Any CPU
	EndGlobalSection
	GlobalSection(ProjectConfigurationPlatforms) = postSolution
		{2BB78CCA-ED13-405B-A4D3-C08D8D134E57}.Debug|Any CPU.ActiveCfg = Debug|Any CPU
		{2BB78CCA-ED13-405B-A4D3-C08D8D134E57}.Debug|Any CPU.Build.0 = Debug|Any CPU
		{2BB78CCA-ED13-405B-A4D3-C08D8D134E57}.Release|Any CPU.ActiveCfg = Release|Any CPU
		{2BB78CCA-ED13-405B-A4D3-C08D8D134E57}.Release|Any CPU.Build.0 = Release|Any CPU
		{4F72D7D7-0F66-450B-996C-D08E768E89D1}.Debug|Any CPU.ActiveCfg = Debug|Any CPU
		{4F72D7D7-0F66-450B-996C-D08E768E89D1}.Debug|Any CPU.Build.0 = Debug|Any CPU
		{4F72D7D7-0F66-450B-996C-D08E768E89D1}.Release|Any CPU.ActiveCfg = Release|Any CPU
		{4F72D7D7-0F66-450B-996C-D08E768E89D1}.Release|Any CPU.Build.0 = Release|Any CPU
		{641985FB-CE84-444C-BFEA-495897A65C2F}.Debug|Any CPU.ActiveCfg = Debug|Any CPU
		{641985FB-CE84-444C-BFEA-495897A65C2F}.Debug|Any CPU.Build.0 = Debug|Any CPU
		{641985FB-CE84-444C-BFEA-495897A65C2F}.Release|Any CPU.ActiveCfg = Release|Any CPU
		{641985FB-CE84-444C-BFEA-495897A65C2F}.Release|Any CPU.Build.0 = Release|Any CPU
	EndGlobalSection
	GlobalSection(SolutionProperties) = preSolution
		HideSolutionNode = FALSE
	EndGlobalSection
EndGlobal
